
Microsoft Visual Studio Solution File, Format Version 12.00
# Visual Studio 15
VisualStudioVersion = 15.0.26124.0
MinimumVisualStudioVersion = 15.0.26124.0
Project("{FAE04EC0-301F-11D3-BF4B-00C04F79EFBC}") = "Incidents.Web", "src\Incidents.Web\Incidents.Web.csproj", "{DC71321F-C4CB-4A2D-A825-5A0B2D125EC8}"
EndProject
Project("{FAE04EC0-301F-11D3-BF4B-00C04F79EFBC}") = "Incidents.Client", "src\Incidents.Client\Incidents.Client.csproj", "{5C002EFA-298E-4DAD-AB28-2C6F9C7603DB}"
EndProject
Project("{2150E333-8FDC-42A3-9474-1A3956D46DE8}") = "contract", "contract", "{76AD46F6-F77D-4B1E-94E3-AB5699CE78C9}"
ProjectSection(SolutionItems) = preProject
	contract\incidents.yaml = contract\incidents.yaml
EndProjectSection
EndProject
Project("{FAE04EC0-301F-11D3-BF4B-00C04F79EFBC}") = "Incidents.gRPC", "Incidents.gRPC\Incidents.gRPC.csproj", "{9D188B00-722B-4B76-A8E4-687F931322BE}"
EndProject
Global
	GlobalSection(SolutionConfigurationPlatforms) = preSolution
		Debug|Any CPU = Debug|Any CPU
		Debug|x64 = Debug|x64
		Debug|x86 = Debug|x86
		Release|Any CPU = Release|Any CPU
		Release|x64 = Release|x64
		Release|x86 = Release|x86
	EndGlobalSection
	GlobalSection(SolutionProperties) = preSolution
		HideSolutionNode = FALSE
	EndGlobalSection
	GlobalSection(ProjectConfigurationPlatforms) = postSolution
		{DC71321F-C4CB-4A2D-A825-5A0B2D125EC8}.Debug|Any CPU.ActiveCfg = Debug|Any CPU
		{DC71321F-C4CB-4A2D-A825-5A0B2D125EC8}.Debug|Any CPU.Build.0 = Debug|Any CPU
		{DC71321F-C4CB-4A2D-A825-5A0B2D125EC8}.Debug|x64.ActiveCfg = Debug|Any CPU
		{DC71321F-C4CB-4A2D-A825-5A0B2D125EC8}.Debug|x64.Build.0 = Debug|Any CPU
		{DC71321F-C4CB-4A2D-A825-5A0B2D125EC8}.Debug|x86.ActiveCfg = Debug|Any CPU
		{DC71321F-C4CB-4A2D-A825-5A0B2D125EC8}.Debug|x86.Build.0 = Debug|Any CPU
		{DC71321F-C4CB-4A2D-A825-5A0B2D125EC8}.Release|Any CPU.ActiveCfg = Release|Any CPU
		{DC71321F-C4CB-4A2D-A825-5A0B2D125EC8}.Release|Any CPU.Build.0 = Release|Any CPU
		{DC71321F-C4CB-4A2D-A825-5A0B2D125EC8}.Release|x64.ActiveCfg = Release|Any CPU
		{DC71321F-C4CB-4A2D-A825-5A0B2D125EC8}.Release|x64.Build.0 = Release|Any CPU
		{DC71321F-C4CB-4A2D-A825-5A0B2D125EC8}.Release|x86.ActiveCfg = Release|Any CPU
		{DC71321F-C4CB-4A2D-A825-5A0B2D125EC8}.Release|x86.Build.0 = Release|Any CPU
		{5C002EFA-298E-4DAD-AB28-2C6F9C7603DB}.Debug|Any CPU.ActiveCfg = Debug|Any CPU
		{5C002EFA-298E-4DAD-AB28-2C6F9C7603DB}.Debug|Any CPU.Build.0 = Debug|Any CPU
		{5C002EFA-298E-4DAD-AB28-2C6F9C7603DB}.Debug|x64.ActiveCfg = Debug|Any CPU
		{5C002EFA-298E-4DAD-AB28-2C6F9C7603DB}.Debug|x64.Build.0 = Debug|Any CPU
		{5C002EFA-298E-4DAD-AB28-2C6F9C7603DB}.Debug|x86.ActiveCfg = Debug|Any CPU
		{5C002EFA-298E-4DAD-AB28-2C6F9C7603DB}.Debug|x86.Build.0 = Debug|Any CPU
		{5C002EFA-298E-4DAD-AB28-2C6F9C7603DB}.Release|Any CPU.ActiveCfg = Release|Any CPU
		{5C002EFA-298E-4DAD-AB28-2C6F9C7603DB}.Release|Any CPU.Build.0 = Release|Any CPU
		{5C002EFA-298E-4DAD-AB28-2C6F9C7603DB}.Release|x64.ActiveCfg = Release|Any CPU
		{5C002EFA-298E-4DAD-AB28-2C6F9C7603DB}.Release|x64.Build.0 = Release|Any CPU
		{5C002EFA-298E-4DAD-AB28-2C6F9C7603DB}.Release|x86.ActiveCfg = Release|Any CPU
		{5C002EFA-298E-4DAD-AB28-2C6F9C7603DB}.Release|x86.Build.0 = Release|Any CPU
		{9D188B00-722B-4B76-A8E4-687F931322BE}.Debug|Any CPU.ActiveCfg = Debug|Any CPU
		{9D188B00-722B-4B76-A8E4-687F931322BE}.Debug|Any CPU.Build.0 = Debug|Any CPU
		{9D188B00-722B-4B76-A8E4-687F931322BE}.Debug|x64.ActiveCfg = Debug|Any CPU
		{9D188B00-722B-4B76-A8E4-687F931322BE}.Debug|x64.Build.0 = Debug|Any CPU
		{9D188B00-722B-4B76-A8E4-687F931322BE}.Debug|x86.ActiveCfg = Debug|Any CPU
		{9D188B00-722B-4B76-A8E4-687F931322BE}.Debug|x86.Build.0 = Debug|Any CPU
		{9D188B00-722B-4B76-A8E4-687F931322BE}.Release|Any CPU.ActiveCfg = Release|Any CPU
		{9D188B00-722B-4B76-A8E4-687F931322BE}.Release|Any CPU.Build.0 = Release|Any CPU
		{9D188B00-722B-4B76-A8E4-687F931322BE}.Release|x64.ActiveCfg = Release|Any CPU
		{9D188B00-722B-4B76-A8E4-687F931322BE}.Release|x64.Build.0 = Release|Any CPU
		{9D188B00-722B-4B76-A8E4-687F931322BE}.Release|x86.ActiveCfg = Release|Any CPU
		{9D188B00-722B-4B76-A8E4-687F931322BE}.Release|x86.Build.0 = Release|Any CPU
	EndGlobalSection
EndGlobal
